
Microsoft Visual Studio Solution File, Format Version 12.00
# Visual Studio Version 16
VisualStudioVersion = 16.0.31911.196
MinimumVisualStudioVersion = 10.0.40219.1
Project("{FAE04EC0-301F-11D3-BF4B-00C04F79EFBC}") = "LabelTutorial.Android", "LabelTutorial\LabelTutorial.Android\LabelTutorial.Android.csproj", "{B8EEEE27-6C2D-4ACC-921C-36441F195CFE}"
EndProject
Project("{FAE04EC0-301F-11D3-BF4B-00C04F79EFBC}") = "LabelTutorial.iOS", "LabelTutorial\LabelTutorial.iOS\LabelTutorial.iOS.csproj", "{2F763ED3-5BEE-4047-BB53-1266DFCDE952}"
EndProject
Project("{FAE04EC0-301F-11D3-BF4B-00C04F79EFBC}") = "LabelTutorial", "LabelTutorial\LabelTutorial\LabelTutorial.csproj", "{0491A883-B012-4DE0-B655-3F141246D56C}"
EndProject
Global
	GlobalSection(SolutionConfigurationPlatforms) = preSolution
		Debug|Any CPU = Debug|Any CPU
		Debug|iPhone = Debug|iPhone
		Debug|iPhoneSimulator = Debug|iPhoneSimulator
		Release|Any CPU = Release|Any CPU
		Release|iPhone = Release|iPhone
		Release|iPhoneSimulator = Release|iPhoneSimulator
	EndGlobalSection
	GlobalSection(ProjectConfigurationPlatforms) = postSolution
		{B8EEEE27-6C2D-4ACC-921C-36441F195CFE}.Debug|Any CPU.ActiveCfg = Debug|Any CPU
		{B8EEEE27-6C2D-4ACC-921C-36441F195CFE}.Debug|Any CPU.Build.0 = Debug|Any CPU
		{B8EEEE27-6C2D-4ACC-921C-36441F195CFE}.Debug|Any CPU.Deploy.0 = Debug|Any CPU
		{B8EEEE27-6C2D-4ACC-921C-36441F195CFE}.Debug|iPhone.ActiveCfg = Debug|Any CPU
		{B8EEEE27-6C2D-4ACC-921C-36441F195CFE}.Debug|iPhone.Build.0 = Debug|Any CPU
		{B8EEEE27-6C2D-4ACC-921C-36441F195CFE}.Debug|iPhone.Deploy.0 = Debug|Any CPU
		{B8EEEE27-6C2D-4ACC-921C-36441F195CFE}.Debug|iPhoneSimulator.ActiveCfg = Debug|Any CPU
		{B8EEEE27-6C2D-4ACC-921C-36441F195CFE}.Debug|iPhoneSimulator.Build.0 = Debug|Any CPU
		{B8EEEE27-6C2D-4ACC-921C-36441F195CFE}.Debug|iPhoneSimulator.Deploy.0 = Debug|Any CPU
		{B8EEEE27-6C2D-4ACC-921C-36441F195CFE}.Release|Any CPU.ActiveCfg = Release|Any CPU
		{B8EEEE27-6C2D-4ACC-921C-36441F195CFE}.Release|Any CPU.Build.0 = Release|Any CPU
		{B8EEEE27-6C2D-4ACC-921C-36441F195CFE}.Release|Any CPU.Deploy.0 = Release|Any CPU
		{B8EEEE27-6C2D-4ACC-921C-36441F195CFE}.Release|iPhone.ActiveCfg = Release|Any CPU
		{B8EEEE27-6C2D-4ACC-921C-36441F195CFE}.Release|iPhone.Build.0 = Release|Any CPU
		{B8EEEE27-6C2D-4ACC-921C-36441F195CFE}.Release|iPhone.Deploy.0 = Release|Any CPU
		{B8EEEE27-6C2D-4ACC-921C-36441F195CFE}.Release|iPhoneSimulator.ActiveCfg = Release|Any CPU
		{B8EEEE27-6C2D-4ACC-921C-36441F195CFE}.Release|iPhoneSimulator.Build.0 = Release|Any CPU
		{B8EEEE27-6C2D-4ACC-921C-36441F195CFE}.Release|iPhoneSimulator.Deploy.0 = Release|Any CPU
		{2F763ED3-5BEE-4047-BB53-1266DFCDE952}.Debug|Any CPU.ActiveCfg = Debug|iPhone
		{2F763ED3-5BEE-4047-BB53-1266DFCDE952}.Debug|Any CPU.Build.0 = Debug|iPhone
		{2F763ED3-5BEE-4047-BB53-1266DFCDE952}.Debug|Any CPU.Deploy.0 = Debug|iPhone
		{2F763ED3-5BEE-4047-BB53-1266DFCDE952}.Debug|iPhone.ActiveCfg = Debug|iPhone
		{2F763ED3-5BEE-4047-BB53-1266DFCDE952}.Debug|iPhone.Build.0 = Debug|iPhone
		{2F763ED3-5BEE-4047-BB53-1266DFCDE952}.Debug|iPhone.Deploy.0 = Debug|iPhone
		{2F763ED3-5BEE-4047-BB53-1266DFCDE952}.Debug|iPhoneSimulator.ActiveCfg = Debug|iPhoneSimulator
		{2F763ED3-5BEE-4047-BB53-1266DFCDE952}.Debug|iPhoneSimulator.Build.0 = Debug|iPhoneSimulator
		{2F763ED3-5BEE-4047-BB53-1266DFCDE952}.Debug|iPhoneSimulator.Deploy.0 = Debug|iPhoneSimulator
		{2F763ED3-5BEE-4047-BB53-1266DFCDE952}.Release|Any CPU.ActiveCfg = Release|iPhoneSimulator
		{2F763ED3-5BEE-4047-BB53-1266DFCDE952}.Release|Any CPU.Build.0 = Release|iPhoneSimulator
		{2F763ED3-5BEE-4047-BB53-1266DFCDE952}.Release|Any CPU.Deploy.0 = Release|iPhoneSimulator
		{2F763ED3-5BEE-4047-BB53-1266DFCDE952}.Release|iPhone.ActiveCfg = Release|iPhone
		{2F763ED3-5BEE-4047-BB53-1266DFCDE952}.Release|iPhone.Build.0 = Release|iPhone
		{2F763ED3-5BEE-4047-BB53-1266DFCDE952}.Release|iPhone.Deploy.0 = Release|iPhone
		{2F763ED3-5BEE-4047-BB53-1266DFCDE952}.Release|iPhoneSimulator.ActiveCfg = Release|iPhoneSimulator
		{2F763ED3-5BEE-4047-BB53-1266DFCDE952}.Release|iPhoneSimulator.Build.0 = Release|iPhoneSimulator
		{2F763ED3-5BEE-4047-BB53-1266DFCDE952}.Release|iPhoneSimulator.Deploy.0 = Release|iPhoneSimulator
		{0491A883-B012-4DE0-B655-3F141246D56C}.Debug|Any CPU.ActiveCfg = Debug|Any CPU
		{0491A883-B012-4DE0-B655-3F141246D56C}.Debug|Any CPU.Build.0 = Debug|Any CPU
		{0491A883-B012-4DE0-B655-3F141246D56C}.Debug|Any CPU.Deploy.0 = Debug|Any CPU
		{0491A883-B012-4DE0-B655-3F141246D56C}.Debug|iPhone.ActiveCfg = Debug|Any CPU
		{0491A883-B012-4DE0-B655-3F141246D56C}.Debug|iPhone.Build.0 = Debug|Any CPU
		{0491A883-B012-4DE0-B655-3F141246D56C}.Debug|iPhone.Deploy.0 = Debug|Any CPU
		{0491A883-B012-4DE0-B655-3F141246D56C}.Debug|iPhoneSimulator.ActiveCfg = Debug|Any CPU
		{0491A883-B012-4DE0-B655-3F141246D56C}.Debug|iPhoneSimulator.Build.0 = Debug|Any CPU
		{0491A883-B012-4DE0-B655-3F141246D56C}.Debug|iPhoneSimulator.Deploy.0 = Debug|Any CPU
		{0491A883-B012-4DE0-B655-3F141246D56C}.Release|Any CPU.ActiveCfg = Release|Any CPU
		{0491A883-B012-4DE0-B655-3F141246D56C}.Release|Any CPU.Build.0 = Release|Any CPU
		{0491A883-B012-4DE0-B655-3F141246D56C}.Release|Any CPU.Deploy.0 = Release|Any CPU
		{0491A883-B012-4DE0-B655-3F141246D56C}.Release|iPhone.ActiveCfg = Release|Any CPU
		{0491A883-B012-4DE0-B655-3F141246D56C}.Release|iPhone.Build.0 = Release|Any CPU
		{0491A883-B012-4DE0-B655-3F141246D56C}.Release|iPhone.Deploy.0 = Release|Any CPU
		{0491A883-B012-4DE0-B655-3F141246D56C}.Release|iPhoneSimulator.ActiveCfg = Release|Any CPU
		{0491A883-B012-4DE0-B655-3F141246D56C}.Release|iPhoneSimulator.Build.0 = Release|Any CPU
		{0491A883-B012-4DE0-B655-3F141246D56C}.Release|iPhoneSimulator.Deploy.0 = Release|Any CPU
	EndGlobalSection
	GlobalSection(SolutionProperties) = preSolution
		HideSolutionNode = FALSE
	EndGlobalSection
	GlobalSection(ExtensibilityGlobals) = postSolution
		SolutionGuid = {468658BB-9691-4BE8-9269-FE4044A54B3A}
	EndGlobalSection
EndGlobal
